// !$*UTF8*$!
{
	archiveVersion = 1;
	classes = {
	};
	objectVersion = 56;
	objects = {

/* Begin PBXBuildFile section */
		048144042B49425A002D9C1B /* AppDelegate.swift in Sources */ = {isa = PBXBuildFile; fileRef = 048144032B49425A002D9C1B /* AppDelegate.swift */; };
		048144062B49425A002D9C1B /* SceneDelegate.swift in Sources */ = {isa = PBXBuildFile; fileRef = 048144052B49425A002D9C1B /* SceneDelegate.swift */; };
		048144082B49425A002D9C1B /* DashboardViewController.swift in Sources */ = {isa = PBXBuildFile; fileRef = 048144072B49425A002D9C1B /* DashboardViewController.swift */; };
		0481440B2B49425A002D9C1B /* Main.storyboard in Resources */ = {isa = PBXBuildFile; fileRef = 048144092B49425A002D9C1B /* Main.storyboard */; };
		0481440D2B49425B002D9C1B /* Assets.xcassets in Resources */ = {isa = PBXBuildFile; fileRef = 0481440C2B49425B002D9C1B /* Assets.xcassets */; };
		048144102B49425B002D9C1B /* LaunchScreen.storyboard in Resources */ = {isa = PBXBuildFile; fileRef = 0481440E2B49425B002D9C1B /* LaunchScreen.storyboard */; };
		048144222B49469E002D9C1B /* dashboard.json in Resources */ = {isa = PBXBuildFile; fileRef = 048144212B49469E002D9C1B /* dashboard.json */; };
		048144242B494733002D9C1B /* DashboardViewModel.swift in Sources */ = {isa = PBXBuildFile; fileRef = 048144232B494733002D9C1B /* DashboardViewModel.swift */; };
		048144272B494768002D9C1B /* WidgetCollectionViewCell.swift in Sources */ = {isa = PBXBuildFile; fileRef = 048144262B494768002D9C1B /* WidgetCollectionViewCell.swift */; };
		048144292B4947BE002D9C1B /* DataModel.swift in Sources */ = {isa = PBXBuildFile; fileRef = 048144282B4947BE002D9C1B /* DataModel.swift */; };
		0481442C2B497F3C002D9C1B /* Color+Utils.swift in Sources */ = {isa = PBXBuildFile; fileRef = 0481442B2B497F3C002D9C1B /* Color+Utils.swift */; };
		0481442E2B49812A002D9C1B /* DataParser.swift in Sources */ = {isa = PBXBuildFile; fileRef = 0481442D2B49812A002D9C1B /* DataParser.swift */; };
		048144302B49F98E002D9C1B /* CenteredLeftAlignedFlowLayout.swift in Sources */ = {isa = PBXBuildFile; fileRef = 0481442F2B49F98E002D9C1B /* CenteredLeftAlignedFlowLayout.swift */; };
/* End PBXBuildFile section */

/* Begin PBXFileReference section */
		048144002B49425A002D9C1B /* DashboardWidget.app */ = {isa = PBXFileReference; explicitFileType = wrapper.application; includeInIndex = 0; path = DashboardWidget.app; sourceTree = BUILT_PRODUCTS_DIR; };
		048144032B49425A002D9C1B /* AppDelegate.swift */ = {isa = PBXFileReference; lastKnownFileType = sourcecode.swift; path = AppDelegate.swift; sourceTree = "<group>"; };
		048144052B49425A002D9C1B /* SceneDelegate.swift */ = {isa = PBXFileReference; lastKnownFileType = sourcecode.swift; path = SceneDelegate.swift; sourceTree = "<group>"; };
		048144072B49425A002D9C1B /* DashboardViewController.swift */ = {isa = PBXFileReference; lastKnownFileType = sourcecode.swift; path = DashboardViewController.swift; sourceTree = "<group>"; };
		0481440A2B49425A002D9C1B /* Base */ = {isa = PBXFileReference; lastKnownFileType = file.storyboard; name = Base; path = Base.lproj/Main.storyboard; sourceTree = "<group>"; };
		0481440C2B49425B002D9C1B /* Assets.xcassets */ = {isa = PBXFileReference; lastKnownFileType = folder.assetcatalog; path = Assets.xcassets; sourceTree = "<group>"; };
		0481440F2B49425B002D9C1B /* Base */ = {isa = PBXFileReference; lastKnownFileType = file.storyboard; name = Base; path = Base.lproj/LaunchScreen.storyboard; sourceTree = "<group>"; };
		048144112B49425B002D9C1B /* Info.plist */ = {isa = PBXFileReference; lastKnownFileType = text.plist.xml; path = Info.plist; sourceTree = "<group>"; };
		048144212B49469E002D9C1B /* dashboard.json */ = {isa = PBXFileReference; fileEncoding = 4; lastKnownFileType = text.json; path = dashboard.json; sourceTree = "<group>"; };
		048144232B494733002D9C1B /* DashboardViewModel.swift */ = {isa = PBXFileReference; lastKnownFileType = sourcecode.swift; path = DashboardViewModel.swift; sourceTree = "<group>"; };
		048144262B494768002D9C1B /* WidgetCollectionViewCell.swift */ = {isa = PBXFileReference; lastKnownFileType = sourcecode.swift; path = WidgetCollectionViewCell.swift; sourceTree = "<group>"; };
		048144282B4947BE002D9C1B /* DataModel.swift */ = {isa = PBXFileReference; lastKnownFileType = sourcecode.swift; path = DataModel.swift; sourceTree = "<group>"; };
		0481442B2B497F3C002D9C1B /* Color+Utils.swift */ = {isa = PBXFileReference; lastKnownFileType = sourcecode.swift; path = "Color+Utils.swift"; sourceTree = "<group>"; };
		0481442D2B49812A002D9C1B /* DataParser.swift */ = {isa = PBXFileReference; lastKnownFileType = sourcecode.swift; path = DataParser.swift; sourceTree = "<group>"; };
		0481442F2B49F98E002D9C1B /* CenteredLeftAlignedFlowLayout.swift */ = {isa = PBXFileReference; lastKnownFileType = sourcecode.swift; path = CenteredLeftAlignedFlowLayout.swift; sourceTree = "<group>"; };
/* End PBXFileReference section */

/* Begin PBXFrameworksBuildPhase section */
		048143FD2B49425A002D9C1B /* Frameworks */ = {
			isa = PBXFrameworksBuildPhase;
			buildActionMask = 2147483647;
			files = (
			);
			runOnlyForDeploymentPostprocessing = 0;
		};
/* End PBXFrameworksBuildPhase section */

/* Begin PBXGroup section */
		048143F72B49425A002D9C1B = {
			isa = PBXGroup;
			children = (
				048144022B49425A002D9C1B /* DashboardWidget */,
				048144012B49425A002D9C1B /* Products */,
			);
			sourceTree = "<group>";
		};
		048144012B49425A002D9C1B /* Products */ = {
			isa = PBXGroup;
			children = (
				048144002B49425A002D9C1B /* DashboardWidget.app */,
			);
			name = Products;
			sourceTree = "<group>";
		};
		048144022B49425A002D9C1B /* DashboardWidget */ = {
			isa = PBXGroup;
			children = (
				0481442A2B497F2D002D9C1B /* Utils */,
				0481441B2B494531002D9C1B /* Domain */,
				048144172B4944EE002D9C1B /* Presentation */,
				048144032B49425A002D9C1B /* AppDelegate.swift */,
				048144212B49469E002D9C1B /* dashboard.json */,
				048144052B49425A002D9C1B /* SceneDelegate.swift */,
				048144092B49425A002D9C1B /* Main.storyboard */,
				0481440C2B49425B002D9C1B /* Assets.xcassets */,
				0481440E2B49425B002D9C1B /* LaunchScreen.storyboard */,
				048144112B49425B002D9C1B /* Info.plist */,
			);
			path = DashboardWidget;
			sourceTree = "<group>";
		};
		048144172B4944EE002D9C1B /* Presentation */ = {
			isa = PBXGroup;
			children = (
				048144182B49450B002D9C1B /* ViewContollers */,
				0481441A2B494526002D9C1B /* ViewModel */,
				048144192B49451B002D9C1B /* Views */,
			);
			path = Presentation;
			sourceTree = "<group>";
		};
		048144182B49450B002D9C1B /* ViewContollers */ = {
			isa = PBXGroup;
			children = (
				048144072B49425A002D9C1B /* DashboardViewController.swift */,
			);
			path = ViewContollers;
			sourceTree = "<group>";
		};
		048144192B49451B002D9C1B /* Views */ = {
			isa = PBXGroup;
			children = (
				048144252B49474F002D9C1B /* CellViews */,
			);
			path = Views;
			sourceTree = "<group>";
		};
		0481441A2B494526002D9C1B /* ViewModel */ = {
			isa = PBXGroup;
			children = (
				0481442F2B49F98E002D9C1B /* CenteredLeftAlignedFlowLayout.swift */,
				048144232B494733002D9C1B /* DashboardViewModel.swift */,
			);
			path = ViewModel;
			sourceTree = "<group>";
		};
		0481441B2B494531002D9C1B /* Domain */ = {
			isa = PBXGroup;
			children = (
				0481441D2B494585002D9C1B /* Repository */,
			);
			path = Domain;
			sourceTree = "<group>";
		};
		0481441D2B494585002D9C1B /* Repository */ = {
			isa = PBXGroup;
			children = (
				048144282B4947BE002D9C1B /* DataModel.swift */,
				0481442D2B49812A002D9C1B /* DataParser.swift */,
			);
			path = Repository;
			sourceTree = "<group>";
		};
		048144252B49474F002D9C1B /* CellViews */ = {
			isa = PBXGroup;
			children = (
				048144262B494768002D9C1B /* WidgetCollectionViewCell.swift */,
			);
			path = CellViews;
			sourceTree = "<group>";
		};
		0481442A2B497F2D002D9C1B /* Utils */ = {
			isa = PBXGroup;
			children = (
				0481442B2B497F3C002D9C1B /* Color+Utils.swift */,
			);
			path = Utils;
			sourceTree = "<group>";
		};
/* End PBXGroup section */

/* Begin PBXNativeTarget section */
		048143FF2B49425A002D9C1B /* DashboardWidget */ = {
			isa = PBXNativeTarget;
			buildConfigurationList = 048144142B49425B002D9C1B /* Build configuration list for PBXNativeTarget "DashboardWidget" */;
			buildPhases = (
				048143FC2B49425A002D9C1B /* Sources */,
				048143FD2B49425A002D9C1B /* Frameworks */,
				048143FE2B49425A002D9C1B /* Resources */,
			);
			buildRules = (
			);
			dependencies = (
			);
			name = DashboardWidget;
			productName = DashboardWidget;
			productReference = 048144002B49425A002D9C1B /* DashboardWidget.app */;
			productType = "com.apple.product-type.application";
		};
/* End PBXNativeTarget section */

/* Begin PBXProject section */
		048143F82B49425A002D9C1B /* Project object */ = {
			isa = PBXProject;
			attributes = {
				BuildIndependentTargetsInParallel = 1;
				LastSwiftUpdateCheck = 1430;
				LastUpgradeCheck = 1430;
				TargetAttributes = {
					048143FF2B49425A002D9C1B = {
						CreatedOnToolsVersion = 14.3.1;
					};
				};
			};
			buildConfigurationList = 048143FB2B49425A002D9C1B /* Build configuration list for PBXProject "DashboardWidget" */;
			compatibilityVersion = "Xcode 14.0";
			developmentRegion = en;
			hasScannedForEncodings = 0;
			knownRegions = (
				en,
				Base,
			);
			mainGroup = 048143F72B49425A002D9C1B;
			productRefGroup = 048144012B49425A002D9C1B /* Products */;
			projectDirPath = "";
			projectRoot = "";
			targets = (
				048143FF2B49425A002D9C1B /* DashboardWidget */,
			);
		};
/* End PBXProject section */

/* Begin PBXResourcesBuildPhase section */
		048143FE2B49425A002D9C1B /* Resources */ = {
			isa = PBXResourcesBuildPhase;
			buildActionMask = 2147483647;
			files = (
				048144102B49425B002D9C1B /* LaunchScreen.storyboard in Resources */,
				0481440D2B49425B002D9C1B /* Assets.xcassets in Resources */,
				048144222B49469E002D9C1B /* dashboard.json in Resources */,
				0481440B2B49425A002D9C1B /* Main.storyboard in Resources */,
			);
			runOnlyForDeploymentPostprocessing = 0;
		};
/* End PBXResourcesBuildPhase section */

/* Begin PBXSourcesBuildPhase section */
		048143FC2B49425A002D9C1B /* Sources */ = {
			isa = PBXSourcesBuildPhase;
			buildActionMask = 2147483647;
			files = (
				048144082B49425A002D9C1B /* DashboardViewController.swift in Sources */,
				048144302B49F98E002D9C1B /* CenteredLeftAlignedFlowLayout.swift in Sources */,
				048144042B49425A002D9C1B /* AppDelegate.swift in Sources */,
				0481442E2B49812A002D9C1B /* DataParser.swift in Sources */,
				048144062B49425A002D9C1B /* SceneDelegate.swift in Sources */,
				048144272B494768002D9C1B /* WidgetCollectionViewCell.swift in Sources */,
				048144242B494733002D9C1B /* DashboardViewModel.swift in Sources */,
				048144292B4947BE002D9C1B /* DataModel.swift in Sources */,
				0481442C2B497F3C002D9C1B /* Color+Utils.swift in Sources */,
			);
			runOnlyForDeploymentPostprocessing = 0;
		};
/* End PBXSourcesBuildPhase section */

/* Begin PBXVariantGroup section */
		048144092B49425A002D9C1B /* Main.storyboard */ = {
			isa = PBXVariantGroup;
			children = (
				0481440A2B49425A002D9C1B /* Base */,
			);
			name = Main.storyboard;
			sourceTree = "<group>";
		};
		0481440E2B49425B002D9C1B /* LaunchScreen.storyboard */ = {
			isa = PBXVariantGroup;
			children = (
				0481440F2B49425B002D9C1B /* Base */,
			);
			name = LaunchScreen.storyboard;
			sourceTree = "<group>";
		};
/* End PBXVariantGroup section */

/* Begin XCBuildConfiguration section */
		048144122B49425B002D9C1B /* Debug */ = {
			isa = XCBuildConfiguration;
			buildSettings = {
				ALWAYS_SEARCH_USER_PATHS = NO;
				CLANG_ANALYZER_NONNULL = YES;
				CLANG_ANALYZER_NUMBER_OBJECT_CONVERSION = YES_AGGRESSIVE;
				CLANG_CXX_LANGUAGE_STANDARD = "gnu++20";
				CLANG_ENABLE_MODULES = YES;
				CLANG_ENABLE_OBJC_ARC = YES;
				CLANG_ENABLE_OBJC_WEAK = YES;
				CLANG_WARN_BLOCK_CAPTURE_AUTORELEASING = YES;
				CLANG_WARN_BOOL_CONVERSION = YES;
				CLANG_WARN_COMMA = YES;
				CLANG_WARN_CONSTANT_CONVERSION = YES;
				CLANG_WARN_DEPRECATED_OBJC_IMPLEMENTATIONS = YES;
				CLANG_WARN_DIRECT_OBJC_ISA_USAGE = YES_ERROR;
				CLANG_WARN_DOCUMENTATION_COMMENTS = YES;
				CLANG_WARN_EMPTY_BODY = YES;
				CLANG_WARN_ENUM_CONVERSION = YES;
				CLANG_WARN_INFINITE_RECURSION = YES;
				CLANG_WARN_INT_CONVERSION = YES;
				CLANG_WARN_NON_LITERAL_NULL_CONVERSION = YES;
				CLANG_WARN_OBJC_IMPLICIT_RETAIN_SELF = YES;
				CLANG_WARN_OBJC_LITERAL_CONVERSION = YES;
				CLANG_WARN_OBJC_ROOT_CLASS = YES_ERROR;
				CLANG_WARN_QUOTED_INCLUDE_IN_FRAMEWORK_HEADER = YES;
				CLANG_WARN_RANGE_LOOP_ANALYSIS = YES;
				CLANG_WARN_STRICT_PROTOTYPES = YES;
				CLANG_WARN_SUSPICIOUS_MOVE = YES;
				CLANG_WARN_UNGUARDED_AVAILABILITY = YES_AGGRESSIVE;
				CLANG_WARN_UNREACHABLE_CODE = YES;
				CLANG_WARN__DUPLICATE_METHOD_MATCH = YES;
				COPY_PHASE_STRIP = NO;
				DEBUG_INFORMATION_FORMAT = dwarf;
				ENABLE_STRICT_OBJC_MSGSEND = YES;
				ENABLE_TESTABILITY = YES;
				GCC_C_LANGUAGE_STANDARD = gnu11;
				GCC_DYNAMIC_NO_PIC = NO;
				GCC_NO_COMMON_BLOCKS = YES;
				GCC_OPTIMIZATION_LEVEL = 0;
				GCC_PREPROCESSOR_DEFINITIONS = (
					"DEBUG=1",
					"$(inherited)",
				);
				GCC_WARN_64_TO_32_BIT_CONVERSION = YES;
				GCC_WARN_ABOUT_RETURN_TYPE = YES_ERROR;
				GCC_WARN_UNDECLARED_SELECTOR = YES;
				GCC_WARN_UNINITIALIZED_AUTOS = YES_AGGRESSIVE;
				GCC_WARN_UNUSED_FUNCTION = YES;
				GCC_WARN_UNUSED_VARIABLE = YES;
				IPHONEOS_DEPLOYMENT_TARGET = 16.4;
				MTL_ENABLE_DEBUG_INFO = INCLUDE_SOURCE;
				MTL_FAST_MATH = YES;
				ONLY_ACTIVE_ARCH = YES;
				SDKROOT = iphoneos;
				SWIFT_ACTIVE_COMPILATION_CONDITIONS = DEBUG;
				SWIFT_OPTIMIZATION_LEVEL = "-Onone";
			};
			name = Debug;
		};
		048144132B49425B002D9C1B /* Release */ = {
			isa = XCBuildConfiguration;
			buildSettings = {
				ALWAYS_SEARCH_USER_PATHS = NO;
				CLANG_ANALYZER_NONNULL = YES;
				CLANG_ANALYZER_NUMBER_OBJECT_CONVERSION = YES_AGGRESSIVE;
				CLANG_CXX_LANGUAGE_STANDARD = "gnu++20";
				CLANG_ENABLE_MODULES = YES;
				CLANG_ENABLE_OBJC_ARC = YES;
				CLANG_ENABLE_OBJC_WEAK = YES;
				CLANG_WARN_BLOCK_CAPTURE_AUTORELEASING = YES;
				CLANG_WARN_BOOL_CONVERSION = YES;
				CLANG_WARN_COMMA = YES;
				CLANG_WARN_CONSTANT_CONVERSION = YES;
				CLANG_WARN_DEPRECATED_OBJC_IMPLEMENTATIONS = YES;
				CLANG_WARN_DIRECT_OBJC_ISA_USAGE = YES_ERROR;
				CLANG_WARN_DOCUMENTATION_COMMENTS = YES;
				CLANG_WARN_EMPTY_BODY = YES;
				CLANG_WARN_ENUM_CONVERSION = YES;
				CLANG_WARN_INFINITE_RECURSION = YES;
				CLANG_WARN_INT_CONVERSION = YES;
				CLANG_WARN_NON_LITERAL_NULL_CONVERSION = YES;
				CLANG_WARN_OBJC_IMPLICIT_RETAIN_SELF = YES;
				CLANG_WARN_OBJC_LITERAL_CONVERSION = YES;
				CLANG_WARN_OBJC_ROOT_CLASS = YES_ERROR;
				CLANG_WARN_QUOTED_INCLUDE_IN_FRAMEWORK_HEADER = YES;
				CLANG_WARN_RANGE_LOOP_ANALYSIS = YES;
				CLANG_WARN_STRICT_PROTOTYPES = YES;
				CLANG_WARN_SUSPICIOUS_MOVE = YES;
				CLANG_WARN_UNGUARDED_AVAILABILITY = YES_AGGRESSIVE;
				CLANG_WARN_UNREACHABLE_CODE = YES;
				CLANG_WARN__DUPLICATE_METHOD_MATCH = YES;
				COPY_PHASE_STRIP = NO;
				DEBUG_INFORMATION_FORMAT = "dwarf-with-dsym";
				ENABLE_NS_ASSERTIONS = NO;
				ENABLE_STRICT_OBJC_MSGSEND = YES;
				GCC_C_LANGUAGE_STANDARD = gnu11;
				GCC_NO_COMMON_BLOCKS = YES;
				GCC_WARN_64_TO_32_BIT_CONVERSION = YES;
				GCC_WARN_ABOUT_RETURN_TYPE = YES_ERROR;
				GCC_WARN_UNDECLARED_SELECTOR = YES;
				GCC_WARN_UNINITIALIZED_AUTOS = YES_AGGRESSIVE;
				GCC_WARN_UNUSED_FUNCTION = YES;
				GCC_WARN_UNUSED_VARIABLE = YES;
				IPHONEOS_DEPLOYMENT_TARGET = 16.4;
				MTL_ENABLE_DEBUG_INFO = NO;
				MTL_FAST_MATH = YES;
				SDKROOT = iphoneos;
				SWIFT_COMPILATION_MODE = wholemodule;
				SWIFT_OPTIMIZATION_LEVEL = "-O";
				VALIDATE_PRODUCT = YES;
			};
			name = Release;
		};
		048144152B49425B002D9C1B /* Debug */ = {
			isa = XCBuildConfiguration;
			buildSettings = {
				ASSETCATALOG_COMPILER_APPICON_NAME = AppIcon;
				ASSETCATALOG_COMPILER_GLOBAL_ACCENT_COLOR_NAME = AccentColor;
				CODE_SIGN_STYLE = Automatic;
				CURRENT_PROJECT_VERSION = 1;
				GENERATE_INFOPLIST_FILE = YES;
				INFOPLIST_FILE = DashboardWidget/Info.plist;
				INFOPLIST_KEY_UIApplicationSupportsIndirectInputEvents = YES;
				INFOPLIST_KEY_UILaunchStoryboardName = LaunchScreen;
				INFOPLIST_KEY_UIMainStoryboardFile = Main;
				INFOPLIST_KEY_UISupportedInterfaceOrientations_iPad = "UIInterfaceOrientationPortrait UIInterfaceOrientationPortraitUpsideDown UIInterfaceOrientationLandscapeLeft UIInterfaceOrientationLandscapeRight";
				INFOPLIST_KEY_UISupportedInterfaceOrientations_iPhone = "UIInterfaceOrientationPortrait UIInterfaceOrientationLandscapeLeft UIInterfaceOrientationLandscapeRight";
				LD_RUNPATH_SEARCH_PATHS = (
					"$(inherited)",
					"@executable_path/Frameworks",
				);
				MARKETING_VERSION = 1.0;
				PRODUCT_BUNDLE_IDENTIFIER = Personal.DashboardWidget;
				PRODUCT_NAME = "$(TARGET_NAME)";
				SWIFT_EMIT_LOC_STRINGS = YES;
				SWIFT_VERSION = 5.0;
				TARGETED_DEVICE_FAMILY = "1,2";
			};
			name = Debug;
		};
		048144162B49425B002D9C1B /* Release */ = {
			isa = XCBuildConfiguration;
			buildSettings = {
				ASSETCATALOG_COMPILER_APPICON_NAME = AppIcon;
				ASSETCATALOG_COMPILER_GLOBAL_ACCENT_COLOR_NAME = AccentColor;
				CODE_SIGN_STYLE = Automatic;
				CURRENT_PROJECT_VERSION = 1;
				GENERATE_INFOPLIST_FILE = YES;
				INFOPLIST_FILE = DashboardWidget/Info.plist;
				INFOPLIST_KEY_UIApplicationSupportsIndirectInputEvents = YES;
				INFOPLIST_KEY_UILaunchStoryboardName = LaunchScreen;
				INFOPLIST_KEY_UIMainStoryboardFile = Main;
				INFOPLIST_KEY_UISupportedInterfaceOrientations_iPad = "UIInterfaceOrientationPortrait UIInterfaceOrientationPortraitUpsideDown UIInterfaceOrientationLandscapeLeft UIInterfaceOrientationLandscapeRight";
				INFOPLIST_KEY_UISupportedInterfaceOrientations_iPhone = "UIInterfaceOrientationPortrait UIInterfaceOrientationLandscapeLeft UIInterfaceOrientationLandscapeRight";
				LD_RUNPATH_SEARCH_PATHS = (
					"$(inherited)",
					"@executable_path/Frameworks",
				);
				MARKETING_VERSION = 1.0;
				PRODUCT_BUNDLE_IDENTIFIER = Personal.DashboardWidget;
				PRODUCT_NAME = "$(TARGET_NAME)";
				SWIFT_EMIT_LOC_STRINGS = YES;
				SWIFT_VERSION = 5.0;
				TARGETED_DEVICE_FAMILY = "1,2";
			};
			name = Release;
		};
/* End XCBuildConfiguration section */

/* Begin XCConfigurationList section */
		048143FB2B49425A002D9C1B /* Build configuration list for PBXProject "DashboardWidget" */ = {
			isa = XCConfigurationList;
			buildConfigurations = (
				048144122B49425B002D9C1B /* Debug */,
				048144132B49425B002D9C1B /* Release */,
			);
			defaultConfigurationIsVisible = 0;
			defaultConfigurationName = Release;
		};
		048144142B49425B002D9C1B /* Build configuration list for PBXNativeTarget "DashboardWidget" */ = {
			isa = XCConfigurationList;
			buildConfigurations = (
				048144152B49425B002D9C1B /* Debug */,
				048144162B49425B002D9C1B /* Release */,
			);
			defaultConfigurationIsVisible = 0;
			defaultConfigurationName = Release;
		};
/* End XCConfigurationList section */
	};
	rootObject = 048143F82B49425A002D9C1B /* Project object */;
}
